
Microsoft Visual Studio Solution File, Format Version 12.00
# Visual Studio 15
Project("{FAE04EC0-301F-11D3-BF4B-00C04F79EFBC}") = "Uebung02", "Uebung02.csproj", "{F569F54D-789C-D124-8873-951C2385FE1A}"
EndProject
Project("{FAE04EC0-301F-11D3-BF4B-00C04F79EFBC}") = "Uebung02.Editor", "Uebung02.Editor.csproj", "{0228E359-65C8-849A-BE22-9F23E7032F6E}"
EndProject
Global
	GlobalSection(SolutionConfigurationPlatforms) = preSolution
		Debug|Any CPU = Debug|Any CPU
		Release|Any CPU = Release|Any CPU
	EndGlobalSection
	GlobalSection(ProjectConfigurationPlatforms) = postSolution
		{F569F54D-789C-D124-8873-951C2385FE1A}.Debug|Any CPU.ActiveCfg = Debug|Any CPU
		{F569F54D-789C-D124-8873-951C2385FE1A}.Debug|Any CPU.Build.0 = Debug|Any CPU
		{F569F54D-789C-D124-8873-951C2385FE1A}.Release|Any CPU.ActiveCfg = Release|Any CPU
		{F569F54D-789C-D124-8873-951C2385FE1A}.Release|Any CPU.Build.0 = Release|Any CPU
		{0228E359-65C8-849A-BE22-9F23E7032F6E}.Debug|Any CPU.ActiveCfg = Debug|Any CPU
		{0228E359-65C8-849A-BE22-9F23E7032F6E}.Debug|Any CPU.Build.0 = Debug|Any CPU
		{0228E359-65C8-849A-BE22-9F23E7032F6E}.Release|Any CPU.ActiveCfg = Release|Any CPU
		{0228E359-65C8-849A-BE22-9F23E7032F6E}.Release|Any CPU.Build.0 = Release|Any CPU
	EndGlobalSection
	GlobalSection(SolutionProperties) = preSolution
		HideSolutionNode = FALSE
	EndGlobalSection
EndGlobal
